
Microsoft Visual Studio Solution File, Format Version 12.00
# Visual Studio Version 17
VisualStudioVersion = 17.6.33801.468
MinimumVisualStudioVersion = 10.0.40219.1
Project("{FAE04EC0-301F-11D3-BF4B-00C04F79EFBC}") = "DZ4", "DZ4\DZ4.csproj", "{ACC6F0B8-7FF9-4A44-B5B3-4AF507294162}"
EndProject
Global
	GlobalSection(SolutionConfigurationPlatforms) = preSolution
		Debug|Any CPU = Debug|Any CPU
		Release|Any CPU = Release|Any CPU
	EndGlobalSection
	GlobalSection(ProjectConfigurationPlatforms) = postSolution
		{ACC6F0B8-7FF9-4A44-B5B3-4AF507294162}.Debug|Any CPU.ActiveCfg = Debug|Any CPU
		{ACC6F0B8-7FF9-4A44-B5B3-4AF507294162}.Debug|Any CPU.Build.0 = Debug|Any CPU
		{ACC6F0B8-7FF9-4A44-B5B3-4AF507294162}.Release|Any CPU.ActiveCfg = Release|Any CPU
		{ACC6F0B8-7FF9-4A44-B5B3-4AF507294162}.Release|Any CPU.Build.0 = Release|Any CPU
	EndGlobalSection
	GlobalSection(SolutionProperties) = preSolution
		HideSolutionNode = FALSE
	EndGlobalSection
	GlobalSection(ExtensibilityGlobals) = postSolution
		SolutionGuid = {1FF8BFBA-2EB9-48C2-BC31-5C38D96A1C08}
	EndGlobalSection
EndGlobal
